// !$*UTF8*$!
{
	archiveVersion = 1;
	classes = {
	};
	objectVersion = 46;
	objects = {

/* Begin PBXBuildFile section */
		BF3A264B1A6BE1DE0044437D /* main.m in Sources */ = {isa = PBXBuildFile; fileRef = BF3A264A1A6BE1DE0044437D /* main.m */; };
		BF3A264E1A6BE1DE0044437D /* AppDelegate.m in Sources */ = {isa = PBXBuildFile; fileRef = BF3A264D1A6BE1DE0044437D /* AppDelegate.m */; };
		BF3A26511A6BE1DE0044437D /* ViewController.m in Sources */ = {isa = PBXBuildFile; fileRef = BF3A26501A6BE1DE0044437D /* ViewController.m */; };
		BF3A26541A6BE1DE0044437D /* Main.storyboard in Resources */ = {isa = PBXBuildFile; fileRef = BF3A26521A6BE1DE0044437D /* Main.storyboard */; };
		BF3A26561A6BE1DE0044437D /* Images.xcassets in Resources */ = {isa = PBXBuildFile; fileRef = BF3A26551A6BE1DE0044437D /* Images.xcassets */; };
		BF3A26591A6BE1DE0044437D /* LaunchScreen.xib in Resources */ = {isa = PBXBuildFile; fileRef = BF3A26571A6BE1DE0044437D /* LaunchScreen.xib */; };
		BF3A26651A6BE1DF0044437D /* xmlparsetestTests.m in Sources */ = {isa = PBXBuildFile; fileRef = BF3A26641A6BE1DF0044437D /* xmlparsetestTests.m */; };
/* End PBXBuildFile section */

/* Begin PBXContainerItemProxy section */
		BF3A265F1A6BE1DF0044437D /* PBXContainerItemProxy */ = {
			isa = PBXContainerItemProxy;
			containerPortal = BF3A263D1A6BE1DE0044437D /* Project object */;
			proxyType = 1;
			remoteGlobalIDString = BF3A26441A6BE1DE0044437D;
			remoteInfo = xmlparsetest;
		};
/* End PBXContainerItemProxy section */

/* Begin PBXFileReference section */
		BF3A26451A6BE1DE0044437D /* xmlparsetest.app */ = {isa = PBXFileReference; explicitFileType = wrapper.application; includeInIndex = 0; path = xmlparsetest.app; sourceTree = BUILT_PRODUCTS_DIR; };
		BF3A26491A6BE1DE0044437D /* Info.plist */ = {isa = PBXFileReference; lastKnownFileType = text.plist.xml; path = Info.plist; sourceTree = "<group>"; };
		BF3A264A1A6BE1DE0044437D /* main.m */ = {isa = PBXFileReference; lastKnownFileType = sourcecode.c.objc; path = main.m; sourceTree = "<group>"; };
		BF3A264C1A6BE1DE0044437D /* AppDelegate.h */ = {isa = PBXFileReference; lastKnownFileType = sourcecode.c.h; path = AppDelegate.h; sourceTree = "<group>"; };
		BF3A264D1A6BE1DE0044437D /* AppDelegate.m */ = {isa = PBXFileReference; lastKnownFileType = sourcecode.c.objc; path = AppDelegate.m; sourceTree = "<group>"; };
		BF3A264F1A6BE1DE0044437D /* ViewController.h */ = {isa = PBXFileReference; lastKnownFileType = sourcecode.c.h; path = ViewController.h; sourceTree = "<group>"; };
		BF3A26501A6BE1DE0044437D /* ViewController.m */ = {isa = PBXFileReference; lastKnownFileType = sourcecode.c.objc; path = ViewController.m; sourceTree = "<group>"; };
		BF3A26531A6BE1DE0044437D /* Base */ = {isa = PBXFileReference; lastKnownFileType = file.storyboard; name = Base; path = Base.lproj/Main.storyboard; sourceTree = "<group>"; };
		BF3A26551A6BE1DE0044437D /* Images.xcassets */ = {isa = PBXFileReference; lastKnownFileType = folder.assetcatalog; path = Images.xcassets; sourceTree = "<group>"; };
		BF3A26581A6BE1DE0044437D /* Base */ = {isa = PBXFileReference; lastKnownFileType = file.xib; name = Base; path = Base.lproj/LaunchScreen.xib; sourceTree = "<group>"; };
		BF3A265E1A6BE1DF0044437D /* xmlparsetestTests.xctest */ = {isa = PBXFileReference; explicitFileType = wrapper.cfbundle; includeInIndex = 0; path = xmlparsetestTests.xctest; sourceTree = BUILT_PRODUCTS_DIR; };
		BF3A26631A6BE1DF0044437D /* Info.plist */ = {isa = PBXFileReference; lastKnownFileType = text.plist.xml; path = Info.plist; sourceTree = "<group>"; };
		BF3A26641A6BE1DF0044437D /* xmlparsetestTests.m */ = {isa = PBXFileReference; lastKnownFileType = sourcecode.c.objc; path = xmlparsetestTests.m; sourceTree = "<group>"; };
/* End PBXFileReference section */

/* Begin PBXFrameworksBuildPhase section */
		BF3A26421A6BE1DE0044437D /* Frameworks */ = {
			isa = PBXFrameworksBuildPhase;
			buildActionMask = 2147483647;
			files = (
			);
			runOnlyForDeploymentPostprocessing = 0;
		};
		BF3A265B1A6BE1DF0044437D /* Frameworks */ = {
			isa = PBXFrameworksBuildPhase;
			buildActionMask = 2147483647;
			files = (
			);
			runOnlyForDeploymentPostprocessing = 0;
		};
/* End PBXFrameworksBuildPhase section */

/* Begin PBXGroup section */
		BF3A263C1A6BE1DE0044437D = {
			isa = PBXGroup;
			children = (
				BF3A26471A6BE1DE0044437D /* xmlparsetest */,
				BF3A26611A6BE1DF0044437D /* xmlparsetestTests */,
				BF3A26461A6BE1DE0044437D /* Products */,
			);
			sourceTree = "<group>";
		};
		BF3A26461A6BE1DE0044437D /* Products */ = {
			isa = PBXGroup;
			children = (
				BF3A26451A6BE1DE0044437D /* xmlparsetest.app */,
				BF3A265E1A6BE1DF0044437D /* xmlparsetestTests.xctest */,
			);
			name = Products;
			sourceTree = "<group>";
		};
		BF3A26471A6BE1DE0044437D /* xmlparsetest */ = {
			isa = PBXGroup;
			children = (
				BF3A264C1A6BE1DE0044437D /* AppDelegate.h */,
				BF3A264D1A6BE1DE0044437D /* AppDelegate.m */,
				BF3A264F1A6BE1DE0044437D /* ViewController.h */,
				BF3A26501A6BE1DE0044437D /* ViewController.m */,
				BF3A26521A6BE1DE0044437D /* Main.storyboard */,
				BF3A26551A6BE1DE0044437D /* Images.xcassets */,
				BF3A26571A6BE1DE0044437D /* LaunchScreen.xib */,
				BF3A26481A6BE1DE0044437D /* Supporting Files */,
			);
			path = xmlparsetest;
			sourceTree = "<group>";
		};
		BF3A26481A6BE1DE0044437D /* Supporting Files */ = {
			isa = PBXGroup;
			children = (
				BF3A26491A6BE1DE0044437D /* Info.plist */,
				BF3A264A1A6BE1DE0044437D /* main.m */,
			);
			name = "Supporting Files";
			sourceTree = "<group>";
		};
		BF3A26611A6BE1DF0044437D /* xmlparsetestTests */ = {
			isa = PBXGroup;
			children = (
				BF3A26641A6BE1DF0044437D /* xmlparsetestTests.m */,
				BF3A26621A6BE1DF0044437D /* Supporting Files */,
			);
			path = xmlparsetestTests;
			sourceTree = "<group>";
		};
		BF3A26621A6BE1DF0044437D /* Supporting Files */ = {
			isa = PBXGroup;
			children = (
				BF3A26631A6BE1DF0044437D /* Info.plist */,
			);
			name = "Supporting Files";
			sourceTree = "<group>";
		};
/* End PBXGroup section */

/* Begin PBXNativeTarget section */
		BF3A26441A6BE1DE0044437D /* xmlparsetest */ = {
			isa = PBXNativeTarget;
			buildConfigurationList = BF3A26681A6BE1DF0044437D /* Build configuration list for PBXNativeTarget "xmlparsetest" */;
			buildPhases = (
				BF3A26411A6BE1DE0044437D /* Sources */,
				BF3A26421A6BE1DE0044437D /* Frameworks */,
				BF3A26431A6BE1DE0044437D /* Resources */,
			);
			buildRules = (
			);
			dependencies = (
			);
			name = xmlparsetest;
			productName = xmlparsetest;
			productReference = BF3A26451A6BE1DE0044437D /* xmlparsetest.app */;
			productType = "com.apple.product-type.application";
		};
		BF3A265D1A6BE1DF0044437D /* xmlparsetestTests */ = {
			isa = PBXNativeTarget;
			buildConfigurationList = BF3A266B1A6BE1DF0044437D /* Build configuration list for PBXNativeTarget "xmlparsetestTests" */;
			buildPhases = (
				BF3A265A1A6BE1DF0044437D /* Sources */,
				BF3A265B1A6BE1DF0044437D /* Frameworks */,
				BF3A265C1A6BE1DF0044437D /* Resources */,
			);
			buildRules = (
			);
			dependencies = (
				BF3A26601A6BE1DF0044437D /* PBXTargetDependency */,
			);
			name = xmlparsetestTests;
			productName = xmlparsetestTests;
			productReference = BF3A265E1A6BE1DF0044437D /* xmlparsetestTests.xctest */;
			productType = "com.apple.product-type.bundle.unit-test";
		};
/* End PBXNativeTarget section */

/* Begin PBXProject section */
		BF3A263D1A6BE1DE0044437D /* Project object */ = {
			isa = PBXProject;
			attributes = {
				LastUpgradeCheck = 0610;
				ORGANIZATIONNAME = "systems-power";
				TargetAttributes = {
					BF3A26441A6BE1DE0044437D = {
						CreatedOnToolsVersion = 6.1.1;
					};
					BF3A265D1A6BE1DF0044437D = {
						CreatedOnToolsVersion = 6.1.1;
						TestTargetID = BF3A26441A6BE1DE0044437D;
					};
				};
			};
			buildConfigurationList = BF3A26401A6BE1DE0044437D /* Build configuration list for PBXProject "xmlparsetest" */;
			compatibilityVersion = "Xcode 3.2";
			developmentRegion = English;
			hasScannedForEncodings = 0;
			knownRegions = (
				en,
				Base,
			);
			mainGroup = BF3A263C1A6BE1DE0044437D;
			productRefGroup = BF3A26461A6BE1DE0044437D /* Products */;
			projectDirPath = "";
			projectRoot = "";
			targets = (
				BF3A26441A6BE1DE0044437D /* xmlparsetest */,
				BF3A265D1A6BE1DF0044437D /* xmlparsetestTests */,
			);
		};
/* End PBXProject section */

/* Begin PBXResourcesBuildPhase section */
		BF3A26431A6BE1DE0044437D /* Resources */ = {
			isa = PBXResourcesBuildPhase;
			buildActionMask = 2147483647;
			files = (
				BF3A26541A6BE1DE0044437D /* Main.storyboard in Resources */,
				BF3A26591A6BE1DE0044437D /* LaunchScreen.xib in Resources */,
				BF3A26561A6BE1DE0044437D /* Images.xcassets in Resources */,
			);
			runOnlyForDeploymentPostprocessing = 0;
		};
		BF3A265C1A6BE1DF0044437D /* Resources */ = {
			isa = PBXResourcesBuildPhase;
			buildActionMask = 2147483647;
			files = (
			);
			runOnlyForDeploymentPostprocessing = 0;
		};
/* End PBXResourcesBuildPhase section */

/* Begin PBXSourcesBuildPhase section */
		BF3A26411A6BE1DE0044437D /* Sources */ = {
			isa = PBXSourcesBuildPhase;
			buildActionMask = 2147483647;
			files = (
				BF3A26511A6BE1DE0044437D /* ViewController.m in Sources */,
				BF3A264E1A6BE1DE0044437D /* AppDelegate.m in Sources */,
				BF3A264B1A6BE1DE0044437D /* main.m in Sources */,
			);
			runOnlyForDeploymentPostprocessing = 0;
		};
		BF3A265A1A6BE1DF0044437D /* Sources */ = {
			isa = PBXSourcesBuildPhase;
			buildActionMask = 2147483647;
			files = (
				BF3A26651A6BE1DF0044437D /* xmlparsetestTests.m in Sources */,
			);
			runOnlyForDeploymentPostprocessing = 0;
		};
/* End PBXSourcesBuildPhase section */

/* Begin PBXTargetDependency section */
		BF3A26601A6BE1DF0044437D /* PBXTargetDependency */ = {
			isa = PBXTargetDependency;
			target = BF3A26441A6BE1DE0044437D /* xmlparsetest */;
			targetProxy = BF3A265F1A6BE1DF0044437D /* PBXContainerItemProxy */;
		};
/* End PBXTargetDependency section */

/* Begin PBXVariantGroup section */
		BF3A26521A6BE1DE0044437D /* Main.storyboard */ = {
			isa = PBXVariantGroup;
			children = (
				BF3A26531A6BE1DE0044437D /* Base */,
			);
			name = Main.storyboard;
			sourceTree = "<group>";
		};
		BF3A26571A6BE1DE0044437D /* LaunchScreen.xib */ = {
			isa = PBXVariantGroup;
			children = (
				BF3A26581A6BE1DE0044437D /* Base */,
			);
			name = LaunchScreen.xib;
			sourceTree = "<group>";
		};
/* End PBXVariantGroup section */

/* Begin XCBuildConfiguration section */
		BF3A26661A6BE1DF0044437D /* Debug */ = {
			isa = XCBuildConfiguration;
			buildSettings = {
				ALWAYS_SEARCH_USER_PATHS = NO;
				CLANG_CXX_LANGUAGE_STANDARD = "gnu++0x";
				CLANG_CXX_LIBRARY = "libc++";
				CLANG_ENABLE_MODULES = YES;
				CLANG_ENABLE_OBJC_ARC = YES;
				CLANG_WARN_BOOL_CONVERSION = YES;
				CLANG_WARN_CONSTANT_CONVERSION = YES;
				CLANG_WARN_DIRECT_OBJC_ISA_USAGE = YES_ERROR;
				CLANG_WARN_EMPTY_BODY = YES;
				CLANG_WARN_ENUM_CONVERSION = YES;
				CLANG_WARN_INT_CONVERSION = YES;
				CLANG_WARN_OBJC_ROOT_CLASS = YES_ERROR;
				CLANG_WARN_UNREACHABLE_CODE = YES;
				CLANG_WARN__DUPLICATE_METHOD_MATCH = YES;
				"CODE_SIGN_IDENTITY[sdk=iphoneos*]" = "iPhone Developer";
				COPY_PHASE_STRIP = NO;
				ENABLE_STRICT_OBJC_MSGSEND = YES;
				GCC_C_LANGUAGE_STANDARD = gnu99;
				GCC_DYNAMIC_NO_PIC = NO;
				GCC_OPTIMIZATION_LEVEL = 0;
				GCC_PREPROCESSOR_DEFINITIONS = (
					"DEBUG=1",
					"$(inherited)",
				);
				GCC_SYMBOLS_PRIVATE_EXTERN = NO;
				GCC_WARN_64_TO_32_BIT_CONVERSION = YES;
				GCC_WARN_ABOUT_RETURN_TYPE = YES_ERROR;
				GCC_WARN_UNDECLARED_SELECTOR = YES;
				GCC_WARN_UNINITIALIZED_AUTOS = YES_AGGRESSIVE;
				GCC_WARN_UNUSED_FUNCTION = YES;
				GCC_WARN_UNUSED_VARIABLE = YES;
				IPHONEOS_DEPLOYMENT_TARGET = 8.1;
				MTL_ENABLE_DEBUG_INFO = YES;
				ONLY_ACTIVE_ARCH = YES;
				SDKROOT = iphoneos;
				TARGETED_DEVICE_FAMILY = "1,2";
			};
			name = Debug;
		};
		BF3A26671A6BE1DF0044437D /* Release */ = {
			isa = XCBuildConfiguration;
			buildSettings = {
				ALWAYS_SEARCH_USER_PATHS = NO;
				CLANG_CXX_LANGUAGE_STANDARD = "gnu++0x";
				CLANG_CXX_LIBRARY = "libc++";
				CLANG_ENABLE_MODULES = YES;
				CLANG_ENABLE_OBJC_ARC = YES;
				CLANG_WARN_BOOL_CONVERSION = YES;
				CLANG_WARN_CONSTANT_CONVERSION = YES;
				CLANG_WARN_DIRECT_OBJC_ISA_USAGE = YES_ERROR;
				CLANG_WARN_EMPTY_BODY = YES;
				CLANG_WARN_ENUM_CONVERSION = YES;
				CLANG_WARN_INT_CONVERSION = YES;
				CLANG_WARN_OBJC_ROOT_CLASS = YES_ERROR;
				CLANG_WARN_UNREACHABLE_CODE = YES;
				CLANG_WARN__DUPLICATE_METHOD_MATCH = YES;
				"CODE_SIGN_IDENTITY[sdk=iphoneos*]" = "iPhone Developer";
				COPY_PHASE_STRIP = YES;
				ENABLE_NS_ASSERTIONS = NO;
				ENABLE_STRICT_OBJC_MSGSEND = YES;
				GCC_C_LANGUAGE_STANDARD = gnu99;
				GCC_WARN_64_TO_32_BIT_CONVERSION = YES;
				GCC_WARN_ABOUT_RETURN_TYPE = YES_ERROR;
				GCC_WARN_UNDECLARED_SELECTOR = YES;
				GCC_WARN_UNINITIALIZED_AUTOS = YES_AGGRESSIVE;
				GCC_WARN_UNUSED_FUNCTION = YES;
				GCC_WARN_UNUSED_VARIABLE = YES;
				IPHONEOS_DEPLOYMENT_TARGET = 8.1;
				MTL_ENABLE_DEBUG_INFO = NO;
				SDKROOT = iphoneos;
				TARGETED_DEVICE_FAMILY = "1,2";
				VALIDATE_PRODUCT = YES;
			};
			name = Release;
		};
		BF3A26691A6BE1DF0044437D /* Debug */ = {
			isa = XCBuildConfiguration;
			buildSettings = {
				ASSETCATALOG_COMPILER_APPICON_NAME = AppIcon;
				INFOPLIST_FILE = xmlparsetest/Info.plist;
				LD_RUNPATH_SEARCH_PATHS = "$(inherited) @executable_path/Frameworks";
				PRODUCT_NAME = "$(TARGET_NAME)";
			};
			name = Debug;
		};
		BF3A266A1A6BE1DF0044437D /* Release */ = {
			isa = XCBuildConfiguration;
			buildSettings = {
				ASSETCATALOG_COMPILER_APPICON_NAME = AppIcon;
				INFOPLIST_FILE = xmlparsetest/Info.plist;
				LD_RUNPATH_SEARCH_PATHS = "$(inherited) @executable_path/Frameworks";
				PRODUCT_NAME = "$(TARGET_NAME)";
			};
			name = Release;
		};
		BF3A266C1A6BE1DF0044437D /* Debug */ = {
			isa = XCBuildConfiguration;
			buildSettings = {
				BUNDLE_LOADER = "$(TEST_HOST)";
				FRAMEWORK_SEARCH_PATHS = (
					"$(SDKROOT)/Developer/Library/Frameworks",
					"$(inherited)",
				);
				GCC_PREPROCESSOR_DEFINITIONS = (
					"DEBUG=1",
					"$(inherited)",
				);
				INFOPLIST_FILE = xmlparsetestTests/Info.plist;
				LD_RUNPATH_SEARCH_PATHS = "$(inherited) @executable_path/Frameworks @loader_path/Frameworks";
				PRODUCT_NAME = "$(TARGET_NAME)";
				TEST_HOST = "$(BUILT_PRODUCTS_DIR)/xmlparsetest.app/xmlparsetest";
			};
			name = Debug;
		};
		BF3A266D1A6BE1DF0044437D /* Release */ = {
			isa = XCBuildConfiguration;
			buildSettings = {
				BUNDLE_LOADER = "$(TEST_HOST)";
				FRAMEWORK_SEARCH_PATHS = (
					"$(SDKROOT)/Developer/Library/Frameworks",
					"$(inherited)",
				);
				INFOPLIST_FILE = xmlparsetestTests/Info.plist;
				LD_RUNPATH_SEARCH_PATHS = "$(inherited) @executable_path/Frameworks @loader_path/Frameworks";
				PRODUCT_NAME = "$(TARGET_NAME)";
				TEST_HOST = "$(BUILT_PRODUCTS_DIR)/xmlparsetest.app/xmlparsetest";
			};
			name = Release;
		};
/* End XCBuildConfiguration section */

/* Begin XCConfigurationList section */
		BF3A26401A6BE1DE0044437D /* Build configuration list for PBXProject "xmlparsetest" */ = {
			isa = XCConfigurationList;
			buildConfigurations = (
				BF3A26661A6BE1DF0044437D /* Debug */,
				BF3A26671A6BE1DF0044437D /* Release */,
			);
			defaultConfigurationIsVisible = 0;
			defaultConfigurationName = Release;
		};
		BF3A26681A6BE1DF0044437D /* Build configuration list for PBXNativeTarget "xmlparsetest" */ = {
			isa = XCConfigurationList;
			buildConfigurations = (
				BF3A26691A6BE1DF0044437D /* Debug */,
				BF3A266A1A6BE1DF0044437D /* Release */,
			);
			defaultConfigurationIsVisible = 0;
		};
		BF3A266B1A6BE1DF0044437D /* Build configuration list for PBXNativeTarget "xmlparsetestTests" */ = {
			isa = XCConfigurationList;
			buildConfigurations = (
				BF3A266C1A6BE1DF0044437D /* Debug */,
				BF3A266D1A6BE1DF0044437D /* Release */,
			);
			defaultConfigurationIsVisible = 0;
		};
/* End XCConfigurationList section */
	};
	rootObject = BF3A263D1A6BE1DE0044437D /* Project object */;
}
