// !$*UTF8*$!
{
	archiveVersion = 1;
	classes = {
	};
	objectVersion = 46;
	objects = {

/* Begin PBXBuildFile section */
		BF70092B1AA33633005E467A /* main.m in Sources */ = {isa = PBXBuildFile; fileRef = BF70092A1AA33633005E467A /* main.m */; };
		BF70092E1AA33633005E467A /* AppDelegate.m in Sources */ = {isa = PBXBuildFile; fileRef = BF70092D1AA33633005E467A /* AppDelegate.m */; };
		BF7009311AA33633005E467A /* MasterViewController.m in Sources */ = {isa = PBXBuildFile; fileRef = BF7009301AA33633005E467A /* MasterViewController.m */; };
		BF7009341AA33633005E467A /* DetailViewController.m in Sources */ = {isa = PBXBuildFile; fileRef = BF7009331AA33633005E467A /* DetailViewController.m */; };
		BF7009371AA33633005E467A /* Main.storyboard in Resources */ = {isa = PBXBuildFile; fileRef = BF7009351AA33633005E467A /* Main.storyboard */; };
		BF7009391AA33633005E467A /* Images.xcassets in Resources */ = {isa = PBXBuildFile; fileRef = BF7009381AA33633005E467A /* Images.xcassets */; };
		BF70093C1AA33633005E467A /* LaunchScreen.xib in Resources */ = {isa = PBXBuildFile; fileRef = BF70093A1AA33633005E467A /* LaunchScreen.xib */; };
		BF7009481AA33633005E467A /* pullTestTests.m in Sources */ = {isa = PBXBuildFile; fileRef = BF7009471AA33633005E467A /* pullTestTests.m */; };
/* End PBXBuildFile section */

/* Begin PBXContainerItemProxy section */
		BF7009421AA33633005E467A /* PBXContainerItemProxy */ = {
			isa = PBXContainerItemProxy;
			containerPortal = BF70091D1AA33633005E467A /* Project object */;
			proxyType = 1;
			remoteGlobalIDString = BF7009241AA33633005E467A;
			remoteInfo = pullTest;
		};
/* End PBXContainerItemProxy section */

/* Begin PBXFileReference section */
		BF7009251AA33633005E467A /* pullTest.app */ = {isa = PBXFileReference; explicitFileType = wrapper.application; includeInIndex = 0; path = pullTest.app; sourceTree = BUILT_PRODUCTS_DIR; };
		BF7009291AA33633005E467A /* Info.plist */ = {isa = PBXFileReference; lastKnownFileType = text.plist.xml; path = Info.plist; sourceTree = "<group>"; };
		BF70092A1AA33633005E467A /* main.m */ = {isa = PBXFileReference; lastKnownFileType = sourcecode.c.objc; path = main.m; sourceTree = "<group>"; };
		BF70092C1AA33633005E467A /* AppDelegate.h */ = {isa = PBXFileReference; lastKnownFileType = sourcecode.c.h; path = AppDelegate.h; sourceTree = "<group>"; };
		BF70092D1AA33633005E467A /* AppDelegate.m */ = {isa = PBXFileReference; lastKnownFileType = sourcecode.c.objc; path = AppDelegate.m; sourceTree = "<group>"; };
		BF70092F1AA33633005E467A /* MasterViewController.h */ = {isa = PBXFileReference; lastKnownFileType = sourcecode.c.h; path = MasterViewController.h; sourceTree = "<group>"; };
		BF7009301AA33633005E467A /* MasterViewController.m */ = {isa = PBXFileReference; lastKnownFileType = sourcecode.c.objc; path = MasterViewController.m; sourceTree = "<group>"; };
		BF7009321AA33633005E467A /* DetailViewController.h */ = {isa = PBXFileReference; lastKnownFileType = sourcecode.c.h; path = DetailViewController.h; sourceTree = "<group>"; };
		BF7009331AA33633005E467A /* DetailViewController.m */ = {isa = PBXFileReference; lastKnownFileType = sourcecode.c.objc; path = DetailViewController.m; sourceTree = "<group>"; };
		BF7009361AA33633005E467A /* Base */ = {isa = PBXFileReference; lastKnownFileType = file.storyboard; name = Base; path = Base.lproj/Main.storyboard; sourceTree = "<group>"; };
		BF7009381AA33633005E467A /* Images.xcassets */ = {isa = PBXFileReference; lastKnownFileType = folder.assetcatalog; path = Images.xcassets; sourceTree = "<group>"; };
		BF70093B1AA33633005E467A /* Base */ = {isa = PBXFileReference; lastKnownFileType = file.xib; name = Base; path = Base.lproj/LaunchScreen.xib; sourceTree = "<group>"; };
		BF7009411AA33633005E467A /* pullTestTests.xctest */ = {isa = PBXFileReference; explicitFileType = wrapper.cfbundle; includeInIndex = 0; path = pullTestTests.xctest; sourceTree = BUILT_PRODUCTS_DIR; };
		BF7009461AA33633005E467A /* Info.plist */ = {isa = PBXFileReference; lastKnownFileType = text.plist.xml; path = Info.plist; sourceTree = "<group>"; };
		BF7009471AA33633005E467A /* pullTestTests.m */ = {isa = PBXFileReference; lastKnownFileType = sourcecode.c.objc; path = pullTestTests.m; sourceTree = "<group>"; };
/* End PBXFileReference section */

/* Begin PBXFrameworksBuildPhase section */
		BF7009221AA33633005E467A /* Frameworks */ = {
			isa = PBXFrameworksBuildPhase;
			buildActionMask = 2147483647;
			files = (
			);
			runOnlyForDeploymentPostprocessing = 0;
		};
		BF70093E1AA33633005E467A /* Frameworks */ = {
			isa = PBXFrameworksBuildPhase;
			buildActionMask = 2147483647;
			files = (
			);
			runOnlyForDeploymentPostprocessing = 0;
		};
/* End PBXFrameworksBuildPhase section */

/* Begin PBXGroup section */
		BF70091C1AA33632005E467A = {
			isa = PBXGroup;
			children = (
				BF7009271AA33633005E467A /* pullTest */,
				BF7009441AA33633005E467A /* pullTestTests */,
				BF7009261AA33633005E467A /* Products */,
			);
			sourceTree = "<group>";
		};
		BF7009261AA33633005E467A /* Products */ = {
			isa = PBXGroup;
			children = (
				BF7009251AA33633005E467A /* pullTest.app */,
				BF7009411AA33633005E467A /* pullTestTests.xctest */,
			);
			name = Products;
			sourceTree = "<group>";
		};
		BF7009271AA33633005E467A /* pullTest */ = {
			isa = PBXGroup;
			children = (
				BF70092C1AA33633005E467A /* AppDelegate.h */,
				BF70092D1AA33633005E467A /* AppDelegate.m */,
				BF70092F1AA33633005E467A /* MasterViewController.h */,
				BF7009301AA33633005E467A /* MasterViewController.m */,
				BF7009321AA33633005E467A /* DetailViewController.h */,
				BF7009331AA33633005E467A /* DetailViewController.m */,
				BF7009351AA33633005E467A /* Main.storyboard */,
				BF7009381AA33633005E467A /* Images.xcassets */,
				BF70093A1AA33633005E467A /* LaunchScreen.xib */,
				BF7009281AA33633005E467A /* Supporting Files */,
			);
			path = pullTest;
			sourceTree = "<group>";
		};
		BF7009281AA33633005E467A /* Supporting Files */ = {
			isa = PBXGroup;
			children = (
				BF7009291AA33633005E467A /* Info.plist */,
				BF70092A1AA33633005E467A /* main.m */,
			);
			name = "Supporting Files";
			sourceTree = "<group>";
		};
		BF7009441AA33633005E467A /* pullTestTests */ = {
			isa = PBXGroup;
			children = (
				BF7009471AA33633005E467A /* pullTestTests.m */,
				BF7009451AA33633005E467A /* Supporting Files */,
			);
			path = pullTestTests;
			sourceTree = "<group>";
		};
		BF7009451AA33633005E467A /* Supporting Files */ = {
			isa = PBXGroup;
			children = (
				BF7009461AA33633005E467A /* Info.plist */,
			);
			name = "Supporting Files";
			sourceTree = "<group>";
		};
/* End PBXGroup section */

/* Begin PBXNativeTarget section */
		BF7009241AA33633005E467A /* pullTest */ = {
			isa = PBXNativeTarget;
			buildConfigurationList = BF70094B1AA33633005E467A /* Build configuration list for PBXNativeTarget "pullTest" */;
			buildPhases = (
				BF7009211AA33633005E467A /* Sources */,
				BF7009221AA33633005E467A /* Frameworks */,
				BF7009231AA33633005E467A /* Resources */,
			);
			buildRules = (
			);
			dependencies = (
			);
			name = pullTest;
			productName = pullTest;
			productReference = BF7009251AA33633005E467A /* pullTest.app */;
			productType = "com.apple.product-type.application";
		};
		BF7009401AA33633005E467A /* pullTestTests */ = {
			isa = PBXNativeTarget;
			buildConfigurationList = BF70094E1AA33633005E467A /* Build configuration list for PBXNativeTarget "pullTestTests" */;
			buildPhases = (
				BF70093D1AA33633005E467A /* Sources */,
				BF70093E1AA33633005E467A /* Frameworks */,
				BF70093F1AA33633005E467A /* Resources */,
			);
			buildRules = (
			);
			dependencies = (
				BF7009431AA33633005E467A /* PBXTargetDependency */,
			);
			name = pullTestTests;
			productName = pullTestTests;
			productReference = BF7009411AA33633005E467A /* pullTestTests.xctest */;
			productType = "com.apple.product-type.bundle.unit-test";
		};
/* End PBXNativeTarget section */

/* Begin PBXProject section */
		BF70091D1AA33633005E467A /* Project object */ = {
			isa = PBXProject;
			attributes = {
				LastUpgradeCheck = 0610;
				ORGANIZATIONNAME = "systems-power";
				TargetAttributes = {
					BF7009241AA33633005E467A = {
						CreatedOnToolsVersion = 6.1.1;
					};
					BF7009401AA33633005E467A = {
						CreatedOnToolsVersion = 6.1.1;
						TestTargetID = BF7009241AA33633005E467A;
					};
				};
			};
			buildConfigurationList = BF7009201AA33633005E467A /* Build configuration list for PBXProject "pullTest" */;
			compatibilityVersion = "Xcode 3.2";
			developmentRegion = English;
			hasScannedForEncodings = 0;
			knownRegions = (
				en,
				Base,
			);
			mainGroup = BF70091C1AA33632005E467A;
			productRefGroup = BF7009261AA33633005E467A /* Products */;
			projectDirPath = "";
			projectRoot = "";
			targets = (
				BF7009241AA33633005E467A /* pullTest */,
				BF7009401AA33633005E467A /* pullTestTests */,
			);
		};
/* End PBXProject section */

/* Begin PBXResourcesBuildPhase section */
		BF7009231AA33633005E467A /* Resources */ = {
			isa = PBXResourcesBuildPhase;
			buildActionMask = 2147483647;
			files = (
				BF7009371AA33633005E467A /* Main.storyboard in Resources */,
				BF70093C1AA33633005E467A /* LaunchScreen.xib in Resources */,
				BF7009391AA33633005E467A /* Images.xcassets in Resources */,
			);
			runOnlyForDeploymentPostprocessing = 0;
		};
		BF70093F1AA33633005E467A /* Resources */ = {
			isa = PBXResourcesBuildPhase;
			buildActionMask = 2147483647;
			files = (
			);
			runOnlyForDeploymentPostprocessing = 0;
		};
/* End PBXResourcesBuildPhase section */

/* Begin PBXSourcesBuildPhase section */
		BF7009211AA33633005E467A /* Sources */ = {
			isa = PBXSourcesBuildPhase;
			buildActionMask = 2147483647;
			files = (
				BF70092E1AA33633005E467A /* AppDelegate.m in Sources */,
				BF7009311AA33633005E467A /* MasterViewController.m in Sources */,
				BF70092B1AA33633005E467A /* main.m in Sources */,
				BF7009341AA33633005E467A /* DetailViewController.m in Sources */,
			);
			runOnlyForDeploymentPostprocessing = 0;
		};
		BF70093D1AA33633005E467A /* Sources */ = {
			isa = PBXSourcesBuildPhase;
			buildActionMask = 2147483647;
			files = (
				BF7009481AA33633005E467A /* pullTestTests.m in Sources */,
			);
			runOnlyForDeploymentPostprocessing = 0;
		};
/* End PBXSourcesBuildPhase section */

/* Begin PBXTargetDependency section */
		BF7009431AA33633005E467A /* PBXTargetDependency */ = {
			isa = PBXTargetDependency;
			target = BF7009241AA33633005E467A /* pullTest */;
			targetProxy = BF7009421AA33633005E467A /* PBXContainerItemProxy */;
		};
/* End PBXTargetDependency section */

/* Begin PBXVariantGroup section */
		BF7009351AA33633005E467A /* Main.storyboard */ = {
			isa = PBXVariantGroup;
			children = (
				BF7009361AA33633005E467A /* Base */,
			);
			name = Main.storyboard;
			sourceTree = "<group>";
		};
		BF70093A1AA33633005E467A /* LaunchScreen.xib */ = {
			isa = PBXVariantGroup;
			children = (
				BF70093B1AA33633005E467A /* Base */,
			);
			name = LaunchScreen.xib;
			sourceTree = "<group>";
		};
/* End PBXVariantGroup section */

/* Begin XCBuildConfiguration section */
		BF7009491AA33633005E467A /* Debug */ = {
			isa = XCBuildConfiguration;
			buildSettings = {
				ALWAYS_SEARCH_USER_PATHS = NO;
				CLANG_CXX_LANGUAGE_STANDARD = "gnu++0x";
				CLANG_CXX_LIBRARY = "libc++";
				CLANG_ENABLE_MODULES = YES;
				CLANG_ENABLE_OBJC_ARC = YES;
				CLANG_WARN_BOOL_CONVERSION = YES;
				CLANG_WARN_CONSTANT_CONVERSION = YES;
				CLANG_WARN_DIRECT_OBJC_ISA_USAGE = YES_ERROR;
				CLANG_WARN_EMPTY_BODY = YES;
				CLANG_WARN_ENUM_CONVERSION = YES;
				CLANG_WARN_INT_CONVERSION = YES;
				CLANG_WARN_OBJC_ROOT_CLASS = YES_ERROR;
				CLANG_WARN_UNREACHABLE_CODE = YES;
				CLANG_WARN__DUPLICATE_METHOD_MATCH = YES;
				"CODE_SIGN_IDENTITY[sdk=iphoneos*]" = "iPhone Developer";
				COPY_PHASE_STRIP = NO;
				ENABLE_STRICT_OBJC_MSGSEND = YES;
				GCC_C_LANGUAGE_STANDARD = gnu99;
				GCC_DYNAMIC_NO_PIC = NO;
				GCC_OPTIMIZATION_LEVEL = 0;
				GCC_PREPROCESSOR_DEFINITIONS = (
					"DEBUG=1",
					"$(inherited)",
				);
				GCC_SYMBOLS_PRIVATE_EXTERN = NO;
				GCC_WARN_64_TO_32_BIT_CONVERSION = YES;
				GCC_WARN_ABOUT_RETURN_TYPE = YES_ERROR;
				GCC_WARN_UNDECLARED_SELECTOR = YES;
				GCC_WARN_UNINITIALIZED_AUTOS = YES_AGGRESSIVE;
				GCC_WARN_UNUSED_FUNCTION = YES;
				GCC_WARN_UNUSED_VARIABLE = YES;
				IPHONEOS_DEPLOYMENT_TARGET = 8.1;
				MTL_ENABLE_DEBUG_INFO = YES;
				ONLY_ACTIVE_ARCH = YES;
				SDKROOT = iphoneos;
				TARGETED_DEVICE_FAMILY = "1,2";
			};
			name = Debug;
		};
		BF70094A1AA33633005E467A /* Release */ = {
			isa = XCBuildConfiguration;
			buildSettings = {
				ALWAYS_SEARCH_USER_PATHS = NO;
				CLANG_CXX_LANGUAGE_STANDARD = "gnu++0x";
				CLANG_CXX_LIBRARY = "libc++";
				CLANG_ENABLE_MODULES = YES;
				CLANG_ENABLE_OBJC_ARC = YES;
				CLANG_WARN_BOOL_CONVERSION = YES;
				CLANG_WARN_CONSTANT_CONVERSION = YES;
				CLANG_WARN_DIRECT_OBJC_ISA_USAGE = YES_ERROR;
				CLANG_WARN_EMPTY_BODY = YES;
				CLANG_WARN_ENUM_CONVERSION = YES;
				CLANG_WARN_INT_CONVERSION = YES;
				CLANG_WARN_OBJC_ROOT_CLASS = YES_ERROR;
				CLANG_WARN_UNREACHABLE_CODE = YES;
				CLANG_WARN__DUPLICATE_METHOD_MATCH = YES;
				"CODE_SIGN_IDENTITY[sdk=iphoneos*]" = "iPhone Developer";
				COPY_PHASE_STRIP = YES;
				ENABLE_NS_ASSERTIONS = NO;
				ENABLE_STRICT_OBJC_MSGSEND = YES;
				GCC_C_LANGUAGE_STANDARD = gnu99;
				GCC_WARN_64_TO_32_BIT_CONVERSION = YES;
				GCC_WARN_ABOUT_RETURN_TYPE = YES_ERROR;
				GCC_WARN_UNDECLARED_SELECTOR = YES;
				GCC_WARN_UNINITIALIZED_AUTOS = YES_AGGRESSIVE;
				GCC_WARN_UNUSED_FUNCTION = YES;
				GCC_WARN_UNUSED_VARIABLE = YES;
				IPHONEOS_DEPLOYMENT_TARGET = 8.1;
				MTL_ENABLE_DEBUG_INFO = NO;
				SDKROOT = iphoneos;
				TARGETED_DEVICE_FAMILY = "1,2";
				VALIDATE_PRODUCT = YES;
			};
			name = Release;
		};
		BF70094C1AA33633005E467A /* Debug */ = {
			isa = XCBuildConfiguration;
			buildSettings = {
				ASSETCATALOG_COMPILER_APPICON_NAME = AppIcon;
				INFOPLIST_FILE = pullTest/Info.plist;
				LD_RUNPATH_SEARCH_PATHS = "$(inherited) @executable_path/Frameworks";
				PRODUCT_NAME = "$(TARGET_NAME)";
			};
			name = Debug;
		};
		BF70094D1AA33633005E467A /* Release */ = {
			isa = XCBuildConfiguration;
			buildSettings = {
				ASSETCATALOG_COMPILER_APPICON_NAME = AppIcon;
				INFOPLIST_FILE = pullTest/Info.plist;
				LD_RUNPATH_SEARCH_PATHS = "$(inherited) @executable_path/Frameworks";
				PRODUCT_NAME = "$(TARGET_NAME)";
			};
			name = Release;
		};
		BF70094F1AA33633005E467A /* Debug */ = {
			isa = XCBuildConfiguration;
			buildSettings = {
				BUNDLE_LOADER = "$(TEST_HOST)";
				FRAMEWORK_SEARCH_PATHS = (
					"$(SDKROOT)/Developer/Library/Frameworks",
					"$(inherited)",
				);
				GCC_PREPROCESSOR_DEFINITIONS = (
					"DEBUG=1",
					"$(inherited)",
				);
				INFOPLIST_FILE = pullTestTests/Info.plist;
				LD_RUNPATH_SEARCH_PATHS = "$(inherited) @executable_path/Frameworks @loader_path/Frameworks";
				PRODUCT_NAME = "$(TARGET_NAME)";
				TEST_HOST = "$(BUILT_PRODUCTS_DIR)/pullTest.app/pullTest";
			};
			name = Debug;
		};
		BF7009501AA33633005E467A /* Release */ = {
			isa = XCBuildConfiguration;
			buildSettings = {
				BUNDLE_LOADER = "$(TEST_HOST)";
				FRAMEWORK_SEARCH_PATHS = (
					"$(SDKROOT)/Developer/Library/Frameworks",
					"$(inherited)",
				);
				INFOPLIST_FILE = pullTestTests/Info.plist;
				LD_RUNPATH_SEARCH_PATHS = "$(inherited) @executable_path/Frameworks @loader_path/Frameworks";
				PRODUCT_NAME = "$(TARGET_NAME)";
				TEST_HOST = "$(BUILT_PRODUCTS_DIR)/pullTest.app/pullTest";
			};
			name = Release;
		};
/* End XCBuildConfiguration section */

/* Begin XCConfigurationList section */
		BF7009201AA33633005E467A /* Build configuration list for PBXProject "pullTest" */ = {
			isa = XCConfigurationList;
			buildConfigurations = (
				BF7009491AA33633005E467A /* Debug */,
				BF70094A1AA33633005E467A /* Release */,
			);
			defaultConfigurationIsVisible = 0;
			defaultConfigurationName = Release;
		};
		BF70094B1AA33633005E467A /* Build configuration list for PBXNativeTarget "pullTest" */ = {
			isa = XCConfigurationList;
			buildConfigurations = (
				BF70094C1AA33633005E467A /* Debug */,
				BF70094D1AA33633005E467A /* Release */,
			);
			defaultConfigurationIsVisible = 0;
		};
		BF70094E1AA33633005E467A /* Build configuration list for PBXNativeTarget "pullTestTests" */ = {
			isa = XCConfigurationList;
			buildConfigurations = (
				BF70094F1AA33633005E467A /* Debug */,
				BF7009501AA33633005E467A /* Release */,
			);
			defaultConfigurationIsVisible = 0;
		};
/* End XCConfigurationList section */
	};
	rootObject = BF70091D1AA33633005E467A /* Project object */;
}
