// !$*UTF8*$!
{
	archiveVersion = 1;
	classes = {
	};
	objectVersion = 46;
	objects = {

/* Begin PBXBuildFile section */
		BF3F8EDC1A54D2DF008D8A32 /* Localizable.strings in Resources */ = {isa = PBXBuildFile; fileRef = BF3F8EDE1A54D2DF008D8A32 /* Localizable.strings */; };
		BF3F8EF61A54E244008D8A32 /* Info.plist in Resources */ = {isa = PBXBuildFile; fileRef = BF3F8EF51A54E244008D8A32 /* Info.plist */; };
		BF3F8EF91A54E2F0008D8A32 /* InfoPlist.strings in Resources */ = {isa = PBXBuildFile; fileRef = BF3F8EFB1A54E2F0008D8A32 /* InfoPlist.strings */; };
		BF6CBFF81A4FE7E7006C473B /* main.m in Sources */ = {isa = PBXBuildFile; fileRef = BF6CBFF71A4FE7E7006C473B /* main.m */; };
		BF6CBFFB1A4FE7E7006C473B /* AppDelegate.m in Sources */ = {isa = PBXBuildFile; fileRef = BF6CBFFA1A4FE7E7006C473B /* AppDelegate.m */; };
		BF6CBFFE1A4FE7E7006C473B /* ViewController.m in Sources */ = {isa = PBXBuildFile; fileRef = BF6CBFFD1A4FE7E7006C473B /* ViewController.m */; };
		BF6CC0011A4FE7E7006C473B /* Main.storyboard in Resources */ = {isa = PBXBuildFile; fileRef = BF6CBFFF1A4FE7E7006C473B /* Main.storyboard */; };
		BF6CC0031A4FE7E7006C473B /* Images.xcassets in Resources */ = {isa = PBXBuildFile; fileRef = BF6CC0021A4FE7E7006C473B /* Images.xcassets */; };
		BF6CC0061A4FE7E7006C473B /* LaunchScreen.xib in Resources */ = {isa = PBXBuildFile; fileRef = BF6CC0041A4FE7E7006C473B /* LaunchScreen.xib */; };
		BF6CC0121A4FE7E7006C473B /* appTemplateTests.m in Sources */ = {isa = PBXBuildFile; fileRef = BF6CC0111A4FE7E7006C473B /* appTemplateTests.m */; };
		BF9F19601A63721C0068ABAA /* secondViewController.m in Sources */ = {isa = PBXBuildFile; fileRef = BF9F195F1A63721C0068ABAA /* secondViewController.m */; };
		BFB53B5D1A56898A00F38511 /* Settings.bundle in Resources */ = {isa = PBXBuildFile; fileRef = BFB53B5C1A56898A00F38511 /* Settings.bundle */; };
		BFF65E941A58CC2E00E5CF9B /* DataModel.m in Sources */ = {isa = PBXBuildFile; fileRef = BFF65E931A58CC2E00E5CF9B /* DataModel.m */; };
/* End PBXBuildFile section */

/* Begin PBXContainerItemProxy section */
		BF6CC00C1A4FE7E7006C473B /* PBXContainerItemProxy */ = {
			isa = PBXContainerItemProxy;
			containerPortal = BF6CBFEA1A4FE7E7006C473B /* Project object */;
			proxyType = 1;
			remoteGlobalIDString = BF6CBFF11A4FE7E7006C473B;
			remoteInfo = appTemplate;
		};
/* End PBXContainerItemProxy section */

/* Begin PBXFileReference section */
		BF3F8EDD1A54D2DF008D8A32 /* Base */ = {isa = PBXFileReference; lastKnownFileType = text.plist.strings; name = Base; path = Base.lproj/Localizable.strings; sourceTree = "<group>"; };
		BF3F8EDF1A54D2EE008D8A32 /* fr */ = {isa = PBXFileReference; lastKnownFileType = text.plist.strings; name = fr; path = fr.lproj/Localizable.strings; sourceTree = "<group>"; };
		BF3F8EE01A54D2F1008D8A32 /* de */ = {isa = PBXFileReference; lastKnownFileType = text.plist.strings; name = de; path = de.lproj/Localizable.strings; sourceTree = "<group>"; };
		BF3F8EE11A54D2F5008D8A32 /* zh-Hans */ = {isa = PBXFileReference; lastKnownFileType = text.plist.strings; name = "zh-Hans"; path = "zh-Hans.lproj/Localizable.strings"; sourceTree = "<group>"; };
		BF3F8EE21A54D2F6008D8A32 /* ja */ = {isa = PBXFileReference; lastKnownFileType = text.plist.strings; name = ja; path = ja.lproj/Localizable.strings; sourceTree = "<group>"; };
		BF3F8EE31A54D2F8008D8A32 /* ar */ = {isa = PBXFileReference; lastKnownFileType = text.plist.strings; name = ar; path = ar.lproj/Localizable.strings; sourceTree = "<group>"; };
		BF3F8EE41A54E0E1008D8A32 /* fr */ = {isa = PBXFileReference; lastKnownFileType = text.plist.strings; name = fr; path = fr.lproj/Main.strings; sourceTree = "<group>"; };
		BF3F8EE51A54E0E4008D8A32 /* de */ = {isa = PBXFileReference; lastKnownFileType = text.plist.strings; name = de; path = de.lproj/Main.strings; sourceTree = "<group>"; };
		BF3F8EE61A54E0E6008D8A32 /* zh-Hans */ = {isa = PBXFileReference; lastKnownFileType = text.plist.strings; name = "zh-Hans"; path = "zh-Hans.lproj/Main.strings"; sourceTree = "<group>"; };
		BF3F8EE71A54E0E8008D8A32 /* ja */ = {isa = PBXFileReference; lastKnownFileType = text.plist.strings; name = ja; path = ja.lproj/Main.strings; sourceTree = "<group>"; };
		BF3F8EE81A54E0EA008D8A32 /* ar */ = {isa = PBXFileReference; lastKnownFileType = text.plist.strings; name = ar; path = ar.lproj/Main.strings; sourceTree = "<group>"; };
		BF3F8EE91A54E104008D8A32 /* fr */ = {isa = PBXFileReference; lastKnownFileType = text.plist.strings; name = fr; path = fr.lproj/LaunchScreen.strings; sourceTree = "<group>"; };
		BF3F8EEA1A54E106008D8A32 /* de */ = {isa = PBXFileReference; lastKnownFileType = text.plist.strings; name = de; path = de.lproj/LaunchScreen.strings; sourceTree = "<group>"; };
		BF3F8EEB1A54E107008D8A32 /* zh-Hans */ = {isa = PBXFileReference; lastKnownFileType = text.plist.strings; name = "zh-Hans"; path = "zh-Hans.lproj/LaunchScreen.strings"; sourceTree = "<group>"; };
		BF3F8EEC1A54E10D008D8A32 /* ar */ = {isa = PBXFileReference; lastKnownFileType = text.plist.strings; name = ar; path = ar.lproj/LaunchScreen.strings; sourceTree = "<group>"; };
		BF3F8EED1A54E10F008D8A32 /* ja */ = {isa = PBXFileReference; lastKnownFileType = text.plist.strings; name = ja; path = ja.lproj/LaunchScreen.strings; sourceTree = "<group>"; };
		BF3F8EEE1A54E110008D8A32 /* Base */ = {isa = PBXFileReference; lastKnownFileType = text.plist.strings; name = Base; path = Base.lproj/LaunchScreen.strings; sourceTree = "<group>"; };
		BF3F8EF51A54E244008D8A32 /* Info.plist */ = {isa = PBXFileReference; fileEncoding = 4; lastKnownFileType = text.plist.xml; path = Info.plist; sourceTree = "<group>"; };
		BF3F8EFA1A54E2F0008D8A32 /* Base */ = {isa = PBXFileReference; lastKnownFileType = text.plist.strings; name = Base; path = Base.lproj/InfoPlist.strings; sourceTree = "<group>"; };
		BF3F8EFC1A54E31E008D8A32 /* fr */ = {isa = PBXFileReference; lastKnownFileType = text.plist.strings; name = fr; path = fr.lproj/InfoPlist.strings; sourceTree = "<group>"; };
		BF3F8EFD1A54E31F008D8A32 /* de */ = {isa = PBXFileReference; lastKnownFileType = text.plist.strings; name = de; path = de.lproj/InfoPlist.strings; sourceTree = "<group>"; };
		BF3F8EFE1A54E321008D8A32 /* zh-Hans */ = {isa = PBXFileReference; lastKnownFileType = text.plist.strings; name = "zh-Hans"; path = "zh-Hans.lproj/InfoPlist.strings"; sourceTree = "<group>"; };
		BF3F8EFF1A54E326008D8A32 /* ja */ = {isa = PBXFileReference; lastKnownFileType = text.plist.strings; name = ja; path = ja.lproj/InfoPlist.strings; sourceTree = "<group>"; };
		BF3F8F001A54E328008D8A32 /* ar */ = {isa = PBXFileReference; lastKnownFileType = text.plist.strings; name = ar; path = ar.lproj/InfoPlist.strings; sourceTree = "<group>"; };
		BF6CBFF21A4FE7E7006C473B /* appTemplate.app */ = {isa = PBXFileReference; explicitFileType = wrapper.application; includeInIndex = 0; path = appTemplate.app; sourceTree = BUILT_PRODUCTS_DIR; };
		BF6CBFF71A4FE7E7006C473B /* main.m */ = {isa = PBXFileReference; lastKnownFileType = sourcecode.c.objc; path = main.m; sourceTree = "<group>"; };
		BF6CBFF91A4FE7E7006C473B /* AppDelegate.h */ = {isa = PBXFileReference; lastKnownFileType = sourcecode.c.h; path = AppDelegate.h; sourceTree = "<group>"; };
		BF6CBFFA1A4FE7E7006C473B /* AppDelegate.m */ = {isa = PBXFileReference; lastKnownFileType = sourcecode.c.objc; path = AppDelegate.m; sourceTree = "<group>"; };
		BF6CBFFC1A4FE7E7006C473B /* ViewController.h */ = {isa = PBXFileReference; lastKnownFileType = sourcecode.c.h; path = ViewController.h; sourceTree = "<group>"; };
		BF6CBFFD1A4FE7E7006C473B /* ViewController.m */ = {isa = PBXFileReference; lastKnownFileType = sourcecode.c.objc; path = ViewController.m; sourceTree = "<group>"; };
		BF6CC0001A4FE7E7006C473B /* Base */ = {isa = PBXFileReference; lastKnownFileType = file.storyboard; name = Base; path = Base.lproj/Main.storyboard; sourceTree = "<group>"; };
		BF6CC0021A4FE7E7006C473B /* Images.xcassets */ = {isa = PBXFileReference; lastKnownFileType = folder.assetcatalog; path = Images.xcassets; sourceTree = "<group>"; };
		BF6CC00B1A4FE7E7006C473B /* appTemplateTests.xctest */ = {isa = PBXFileReference; explicitFileType = wrapper.cfbundle; includeInIndex = 0; path = appTemplateTests.xctest; sourceTree = BUILT_PRODUCTS_DIR; };
		BF6CC0101A4FE7E7006C473B /* Info.plist */ = {isa = PBXFileReference; lastKnownFileType = text.plist.xml; path = Info.plist; sourceTree = "<group>"; };
		BF6CC0111A4FE7E7006C473B /* appTemplateTests.m */ = {isa = PBXFileReference; lastKnownFileType = sourcecode.c.objc; path = appTemplateTests.m; sourceTree = "<group>"; };
		BF9F195E1A63721C0068ABAA /* secondViewController.h */ = {isa = PBXFileReference; fileEncoding = 4; lastKnownFileType = sourcecode.c.h; path = secondViewController.h; sourceTree = "<group>"; };
		BF9F195F1A63721C0068ABAA /* secondViewController.m */ = {isa = PBXFileReference; fileEncoding = 4; lastKnownFileType = sourcecode.c.objc; path = secondViewController.m; sourceTree = "<group>"; };
		BFB53B5C1A56898A00F38511 /* Settings.bundle */ = {isa = PBXFileReference; lastKnownFileType = "wrapper.plug-in"; path = Settings.bundle; sourceTree = "<group>"; };
		BFD5DBB21A5243F000667365 /* PrefixHeader.pch */ = {isa = PBXFileReference; fileEncoding = 4; lastKnownFileType = sourcecode.c.h; path = PrefixHeader.pch; sourceTree = "<group>"; };
		BFF65E921A58CC2E00E5CF9B /* DataModel.h */ = {isa = PBXFileReference; fileEncoding = 4; lastKnownFileType = sourcecode.c.h; path = DataModel.h; sourceTree = "<group>"; };
		BFF65E931A58CC2E00E5CF9B /* DataModel.m */ = {isa = PBXFileReference; fileEncoding = 4; lastKnownFileType = sourcecode.c.objc; path = DataModel.m; sourceTree = "<group>"; };
/* End PBXFileReference section */

/* Begin PBXFrameworksBuildPhase section */
		BF6CBFEF1A4FE7E7006C473B /* Frameworks */ = {
			isa = PBXFrameworksBuildPhase;
			buildActionMask = 2147483647;
			files = (
			);
			runOnlyForDeploymentPostprocessing = 0;
		};
		BF6CC0081A4FE7E7006C473B /* Frameworks */ = {
			isa = PBXFrameworksBuildPhase;
			buildActionMask = 2147483647;
			files = (
			);
			runOnlyForDeploymentPostprocessing = 0;
		};
/* End PBXFrameworksBuildPhase section */

/* Begin PBXGroup section */
		BF6CBFE91A4FE7E7006C473B = {
			isa = PBXGroup;
			children = (
				BF6CBFF41A4FE7E7006C473B /* appTemplate */,
				BF6CC00E1A4FE7E7006C473B /* appTemplateTests */,
				BF6CBFF31A4FE7E7006C473B /* Products */,
			);
			sourceTree = "<group>";
		};
		BF6CBFF31A4FE7E7006C473B /* Products */ = {
			isa = PBXGroup;
			children = (
				BF6CBFF21A4FE7E7006C473B /* appTemplate.app */,
				BF6CC00B1A4FE7E7006C473B /* appTemplateTests.xctest */,
			);
			name = Products;
			sourceTree = "<group>";
		};
		BF6CBFF41A4FE7E7006C473B /* appTemplate */ = {
			isa = PBXGroup;
			children = (
				BF6CBFF91A4FE7E7006C473B /* AppDelegate.h */,
				BF6CBFFA1A4FE7E7006C473B /* AppDelegate.m */,
				BF6CBFFC1A4FE7E7006C473B /* ViewController.h */,
				BF6CBFFD1A4FE7E7006C473B /* ViewController.m */,
				BF6CBFFF1A4FE7E7006C473B /* Main.storyboard */,
				BF6CC0021A4FE7E7006C473B /* Images.xcassets */,
				BF6CC0041A4FE7E7006C473B /* LaunchScreen.xib */,
				BF6CBFF51A4FE7E7006C473B /* Supporting Files */,
				BFF65E921A58CC2E00E5CF9B /* DataModel.h */,
				BFF65E931A58CC2E00E5CF9B /* DataModel.m */,
				BF9F195E1A63721C0068ABAA /* secondViewController.h */,
				BF9F195F1A63721C0068ABAA /* secondViewController.m */,
			);
			path = appTemplate;
			sourceTree = "<group>";
		};
		BF6CBFF51A4FE7E7006C473B /* Supporting Files */ = {
			isa = PBXGroup;
			children = (
				BF3F8EF51A54E244008D8A32 /* Info.plist */,
				BF6CBFF71A4FE7E7006C473B /* main.m */,
				BFD5DBB21A5243F000667365 /* PrefixHeader.pch */,
				BF3F8EDE1A54D2DF008D8A32 /* Localizable.strings */,
				BF3F8EFB1A54E2F0008D8A32 /* InfoPlist.strings */,
				BFB53B5C1A56898A00F38511 /* Settings.bundle */,
			);
			name = "Supporting Files";
			sourceTree = "<group>";
		};
		BF6CC00E1A4FE7E7006C473B /* appTemplateTests */ = {
			isa = PBXGroup;
			children = (
				BF6CC0111A4FE7E7006C473B /* appTemplateTests.m */,
				BF6CC00F1A4FE7E7006C473B /* Supporting Files */,
			);
			path = appTemplateTests;
			sourceTree = "<group>";
		};
		BF6CC00F1A4FE7E7006C473B /* Supporting Files */ = {
			isa = PBXGroup;
			children = (
				BF6CC0101A4FE7E7006C473B /* Info.plist */,
			);
			name = "Supporting Files";
			sourceTree = "<group>";
		};
/* End PBXGroup section */

/* Begin PBXNativeTarget section */
		BF6CBFF11A4FE7E7006C473B /* appTemplate */ = {
			isa = PBXNativeTarget;
			buildConfigurationList = BF6CC0151A4FE7E7006C473B /* Build configuration list for PBXNativeTarget "appTemplate" */;
			buildPhases = (
				BF6CBFEE1A4FE7E7006C473B /* Sources */,
				BF6CBFEF1A4FE7E7006C473B /* Frameworks */,
				BF6CBFF01A4FE7E7006C473B /* Resources */,
			);
			buildRules = (
			);
			dependencies = (
			);
			name = appTemplate;
			productName = appTemplate;
			productReference = BF6CBFF21A4FE7E7006C473B /* appTemplate.app */;
			productType = "com.apple.product-type.application";
		};
		BF6CC00A1A4FE7E7006C473B /* appTemplateTests */ = {
			isa = PBXNativeTarget;
			buildConfigurationList = BF6CC0181A4FE7E7006C473B /* Build configuration list for PBXNativeTarget "appTemplateTests" */;
			buildPhases = (
				BF6CC0071A4FE7E7006C473B /* Sources */,
				BF6CC0081A4FE7E7006C473B /* Frameworks */,
				BF6CC0091A4FE7E7006C473B /* Resources */,
			);
			buildRules = (
			);
			dependencies = (
				BF6CC00D1A4FE7E7006C473B /* PBXTargetDependency */,
			);
			name = appTemplateTests;
			productName = appTemplateTests;
			productReference = BF6CC00B1A4FE7E7006C473B /* appTemplateTests.xctest */;
			productType = "com.apple.product-type.bundle.unit-test";
		};
/* End PBXNativeTarget section */

/* Begin PBXProject section */
		BF6CBFEA1A4FE7E7006C473B /* Project object */ = {
			isa = PBXProject;
			attributes = {
				LastUpgradeCheck = 0610;
				ORGANIZATIONNAME = "systems-power";
				TargetAttributes = {
					BF6CBFF11A4FE7E7006C473B = {
						CreatedOnToolsVersion = 6.1.1;
					};
					BF6CC00A1A4FE7E7006C473B = {
						CreatedOnToolsVersion = 6.1.1;
						TestTargetID = BF6CBFF11A4FE7E7006C473B;
					};
				};
			};
			buildConfigurationList = BF6CBFED1A4FE7E7006C473B /* Build configuration list for PBXProject "appTemplate" */;
			compatibilityVersion = "Xcode 3.2";
			developmentRegion = English;
			hasScannedForEncodings = 0;
			knownRegions = (
				en,
				Base,
				fr,
				de,
				"zh-Hans",
				ja,
				ar,
			);
			mainGroup = BF6CBFE91A4FE7E7006C473B;
			productRefGroup = BF6CBFF31A4FE7E7006C473B /* Products */;
			projectDirPath = "";
			projectRoot = "";
			targets = (
				BF6CBFF11A4FE7E7006C473B /* appTemplate */,
				BF6CC00A1A4FE7E7006C473B /* appTemplateTests */,
			);
		};
/* End PBXProject section */

/* Begin PBXResourcesBuildPhase section */
		BF6CBFF01A4FE7E7006C473B /* Resources */ = {
			isa = PBXResourcesBuildPhase;
			buildActionMask = 2147483647;
			files = (
				BF6CC0011A4FE7E7006C473B /* Main.storyboard in Resources */,
				BF3F8EF91A54E2F0008D8A32 /* InfoPlist.strings in Resources */,
				BF3F8EDC1A54D2DF008D8A32 /* Localizable.strings in Resources */,
				BF6CC0061A4FE7E7006C473B /* LaunchScreen.xib in Resources */,
				BF3F8EF61A54E244008D8A32 /* Info.plist in Resources */,
				BF6CC0031A4FE7E7006C473B /* Images.xcassets in Resources */,
				BFB53B5D1A56898A00F38511 /* Settings.bundle in Resources */,
			);
			runOnlyForDeploymentPostprocessing = 0;
		};
		BF6CC0091A4FE7E7006C473B /* Resources */ = {
			isa = PBXResourcesBuildPhase;
			buildActionMask = 2147483647;
			files = (
			);
			runOnlyForDeploymentPostprocessing = 0;
		};
/* End PBXResourcesBuildPhase section */

/* Begin PBXSourcesBuildPhase section */
		BF6CBFEE1A4FE7E7006C473B /* Sources */ = {
			isa = PBXSourcesBuildPhase;
			buildActionMask = 2147483647;
			files = (
				BF6CBFFE1A4FE7E7006C473B /* ViewController.m in Sources */,
				BFF65E941A58CC2E00E5CF9B /* DataModel.m in Sources */,
				BF6CBFFB1A4FE7E7006C473B /* AppDelegate.m in Sources */,
				BF6CBFF81A4FE7E7006C473B /* main.m in Sources */,
				BF9F19601A63721C0068ABAA /* secondViewController.m in Sources */,
			);
			runOnlyForDeploymentPostprocessing = 0;
		};
		BF6CC0071A4FE7E7006C473B /* Sources */ = {
			isa = PBXSourcesBuildPhase;
			buildActionMask = 2147483647;
			files = (
				BF6CC0121A4FE7E7006C473B /* appTemplateTests.m in Sources */,
			);
			runOnlyForDeploymentPostprocessing = 0;
		};
/* End PBXSourcesBuildPhase section */

/* Begin PBXTargetDependency section */
		BF6CC00D1A4FE7E7006C473B /* PBXTargetDependency */ = {
			isa = PBXTargetDependency;
			target = BF6CBFF11A4FE7E7006C473B /* appTemplate */;
			targetProxy = BF6CC00C1A4FE7E7006C473B /* PBXContainerItemProxy */;
		};
/* End PBXTargetDependency section */

/* Begin PBXVariantGroup section */
		BF3F8EDE1A54D2DF008D8A32 /* Localizable.strings */ = {
			isa = PBXVariantGroup;
			children = (
				BF3F8EDD1A54D2DF008D8A32 /* Base */,
				BF3F8EDF1A54D2EE008D8A32 /* fr */,
				BF3F8EE01A54D2F1008D8A32 /* de */,
				BF3F8EE11A54D2F5008D8A32 /* zh-Hans */,
				BF3F8EE21A54D2F6008D8A32 /* ja */,
				BF3F8EE31A54D2F8008D8A32 /* ar */,
			);
			name = Localizable.strings;
			sourceTree = "<group>";
		};
		BF3F8EFB1A54E2F0008D8A32 /* InfoPlist.strings */ = {
			isa = PBXVariantGroup;
			children = (
				BF3F8EFA1A54E2F0008D8A32 /* Base */,
				BF3F8EFC1A54E31E008D8A32 /* fr */,
				BF3F8EFD1A54E31F008D8A32 /* de */,
				BF3F8EFE1A54E321008D8A32 /* zh-Hans */,
				BF3F8EFF1A54E326008D8A32 /* ja */,
				BF3F8F001A54E328008D8A32 /* ar */,
			);
			name = InfoPlist.strings;
			sourceTree = "<group>";
		};
		BF6CBFFF1A4FE7E7006C473B /* Main.storyboard */ = {
			isa = PBXVariantGroup;
			children = (
				BF6CC0001A4FE7E7006C473B /* Base */,
				BF3F8EE41A54E0E1008D8A32 /* fr */,
				BF3F8EE51A54E0E4008D8A32 /* de */,
				BF3F8EE61A54E0E6008D8A32 /* zh-Hans */,
				BF3F8EE71A54E0E8008D8A32 /* ja */,
				BF3F8EE81A54E0EA008D8A32 /* ar */,
			);
			name = Main.storyboard;
			sourceTree = "<group>";
		};
		BF6CC0041A4FE7E7006C473B /* LaunchScreen.xib */ = {
			isa = PBXVariantGroup;
			children = (
				BF3F8EE91A54E104008D8A32 /* fr */,
				BF3F8EEA1A54E106008D8A32 /* de */,
				BF3F8EEB1A54E107008D8A32 /* zh-Hans */,
				BF3F8EEC1A54E10D008D8A32 /* ar */,
				BF3F8EED1A54E10F008D8A32 /* ja */,
				BF3F8EEE1A54E110008D8A32 /* Base */,
			);
			name = LaunchScreen.xib;
			sourceTree = "<group>";
		};
/* End PBXVariantGroup section */

/* Begin XCBuildConfiguration section */
		BF6CC0131A4FE7E7006C473B /* Debug */ = {
			isa = XCBuildConfiguration;
			buildSettings = {
				ALWAYS_SEARCH_USER_PATHS = NO;
				CLANG_CXX_LANGUAGE_STANDARD = "gnu++0x";
				CLANG_CXX_LIBRARY = "libc++";
				CLANG_ENABLE_MODULES = YES;
				CLANG_ENABLE_OBJC_ARC = YES;
				CLANG_WARN_BOOL_CONVERSION = YES;
				CLANG_WARN_CONSTANT_CONVERSION = YES;
				CLANG_WARN_DIRECT_OBJC_ISA_USAGE = YES_ERROR;
				CLANG_WARN_EMPTY_BODY = YES;
				CLANG_WARN_ENUM_CONVERSION = YES;
				CLANG_WARN_INT_CONVERSION = YES;
				CLANG_WARN_OBJC_ROOT_CLASS = YES_ERROR;
				CLANG_WARN_UNREACHABLE_CODE = YES;
				CLANG_WARN__DUPLICATE_METHOD_MATCH = YES;
				"CODE_SIGN_IDENTITY[sdk=iphoneos*]" = "iPhone Developer";
				COPY_PHASE_STRIP = NO;
				ENABLE_STRICT_OBJC_MSGSEND = YES;
				GCC_C_LANGUAGE_STANDARD = gnu99;
				GCC_DYNAMIC_NO_PIC = NO;
				GCC_OPTIMIZATION_LEVEL = 0;
				GCC_PREPROCESSOR_DEFINITIONS = (
					"DEBUG=1",
					"$(inherited)",
				);
				GCC_SYMBOLS_PRIVATE_EXTERN = NO;
				GCC_WARN_64_TO_32_BIT_CONVERSION = YES;
				GCC_WARN_ABOUT_RETURN_TYPE = YES_ERROR;
				GCC_WARN_UNDECLARED_SELECTOR = YES;
				GCC_WARN_UNINITIALIZED_AUTOS = YES_AGGRESSIVE;
				GCC_WARN_UNUSED_FUNCTION = YES;
				GCC_WARN_UNUSED_VARIABLE = YES;
				IPHONEOS_DEPLOYMENT_TARGET = 8.1;
				MTL_ENABLE_DEBUG_INFO = YES;
				ONLY_ACTIVE_ARCH = YES;
				SDKROOT = iphoneos;
				TARGETED_DEVICE_FAMILY = "1,2";
			};
			name = Debug;
		};
		BF6CC0141A4FE7E7006C473B /* Release */ = {
			isa = XCBuildConfiguration;
			buildSettings = {
				ALWAYS_SEARCH_USER_PATHS = NO;
				CLANG_CXX_LANGUAGE_STANDARD = "gnu++0x";
				CLANG_CXX_LIBRARY = "libc++";
				CLANG_ENABLE_MODULES = YES;
				CLANG_ENABLE_OBJC_ARC = YES;
				CLANG_WARN_BOOL_CONVERSION = YES;
				CLANG_WARN_CONSTANT_CONVERSION = YES;
				CLANG_WARN_DIRECT_OBJC_ISA_USAGE = YES_ERROR;
				CLANG_WARN_EMPTY_BODY = YES;
				CLANG_WARN_ENUM_CONVERSION = YES;
				CLANG_WARN_INT_CONVERSION = YES;
				CLANG_WARN_OBJC_ROOT_CLASS = YES_ERROR;
				CLANG_WARN_UNREACHABLE_CODE = YES;
				CLANG_WARN__DUPLICATE_METHOD_MATCH = YES;
				"CODE_SIGN_IDENTITY[sdk=iphoneos*]" = "iPhone Developer";
				COPY_PHASE_STRIP = YES;
				ENABLE_NS_ASSERTIONS = NO;
				ENABLE_STRICT_OBJC_MSGSEND = YES;
				GCC_C_LANGUAGE_STANDARD = gnu99;
				GCC_WARN_64_TO_32_BIT_CONVERSION = YES;
				GCC_WARN_ABOUT_RETURN_TYPE = YES_ERROR;
				GCC_WARN_UNDECLARED_SELECTOR = YES;
				GCC_WARN_UNINITIALIZED_AUTOS = YES_AGGRESSIVE;
				GCC_WARN_UNUSED_FUNCTION = YES;
				GCC_WARN_UNUSED_VARIABLE = YES;
				IPHONEOS_DEPLOYMENT_TARGET = 8.1;
				MTL_ENABLE_DEBUG_INFO = NO;
				SDKROOT = iphoneos;
				TARGETED_DEVICE_FAMILY = "1,2";
				VALIDATE_PRODUCT = YES;
			};
			name = Release;
		};
		BF6CC0161A4FE7E7006C473B /* Debug */ = {
			isa = XCBuildConfiguration;
			buildSettings = {
				ASSETCATALOG_COMPILER_APPICON_NAME = AppIcon;
				GCC_PREFIX_HEADER = appTemplate/PrefixHeader.pch;
				INFOPLIST_FILE = appTemplate/Info.plist;
				LD_RUNPATH_SEARCH_PATHS = "$(inherited) @executable_path/Frameworks";
				PRODUCT_NAME = "$(TARGET_NAME)";
			};
			name = Debug;
		};
		BF6CC0171A4FE7E7006C473B /* Release */ = {
			isa = XCBuildConfiguration;
			buildSettings = {
				ASSETCATALOG_COMPILER_APPICON_NAME = AppIcon;
				GCC_PREFIX_HEADER = appTemplate/PrefixHeader.pch;
				INFOPLIST_FILE = appTemplate/Info.plist;
				LD_RUNPATH_SEARCH_PATHS = "$(inherited) @executable_path/Frameworks";
				PRODUCT_NAME = "$(TARGET_NAME)";
			};
			name = Release;
		};
		BF6CC0191A4FE7E7006C473B /* Debug */ = {
			isa = XCBuildConfiguration;
			buildSettings = {
				BUNDLE_LOADER = "$(TEST_HOST)";
				FRAMEWORK_SEARCH_PATHS = (
					"$(SDKROOT)/Developer/Library/Frameworks",
					"$(inherited)",
				);
				GCC_PREPROCESSOR_DEFINITIONS = (
					"DEBUG=1",
					"$(inherited)",
				);
				INFOPLIST_FILE = appTemplateTests/Info.plist;
				LD_RUNPATH_SEARCH_PATHS = "$(inherited) @executable_path/Frameworks @loader_path/Frameworks";
				PRODUCT_NAME = "$(TARGET_NAME)";
				TEST_HOST = "$(BUILT_PRODUCTS_DIR)/appTemplate.app/appTemplate";
			};
			name = Debug;
		};
		BF6CC01A1A4FE7E7006C473B /* Release */ = {
			isa = XCBuildConfiguration;
			buildSettings = {
				BUNDLE_LOADER = "$(TEST_HOST)";
				FRAMEWORK_SEARCH_PATHS = (
					"$(SDKROOT)/Developer/Library/Frameworks",
					"$(inherited)",
				);
				INFOPLIST_FILE = appTemplateTests/Info.plist;
				LD_RUNPATH_SEARCH_PATHS = "$(inherited) @executable_path/Frameworks @loader_path/Frameworks";
				PRODUCT_NAME = "$(TARGET_NAME)";
				TEST_HOST = "$(BUILT_PRODUCTS_DIR)/appTemplate.app/appTemplate";
			};
			name = Release;
		};
/* End XCBuildConfiguration section */

/* Begin XCConfigurationList section */
		BF6CBFED1A4FE7E7006C473B /* Build configuration list for PBXProject "appTemplate" */ = {
			isa = XCConfigurationList;
			buildConfigurations = (
				BF6CC0131A4FE7E7006C473B /* Debug */,
				BF6CC0141A4FE7E7006C473B /* Release */,
			);
			defaultConfigurationIsVisible = 0;
			defaultConfigurationName = Release;
		};
		BF6CC0151A4FE7E7006C473B /* Build configuration list for PBXNativeTarget "appTemplate" */ = {
			isa = XCConfigurationList;
			buildConfigurations = (
				BF6CC0161A4FE7E7006C473B /* Debug */,
				BF6CC0171A4FE7E7006C473B /* Release */,
			);
			defaultConfigurationIsVisible = 0;
			defaultConfigurationName = Release;
		};
		BF6CC0181A4FE7E7006C473B /* Build configuration list for PBXNativeTarget "appTemplateTests" */ = {
			isa = XCConfigurationList;
			buildConfigurations = (
				BF6CC0191A4FE7E7006C473B /* Debug */,
				BF6CC01A1A4FE7E7006C473B /* Release */,
			);
			defaultConfigurationIsVisible = 0;
			defaultConfigurationName = Release;
		};
/* End XCConfigurationList section */
	};
	rootObject = BF6CBFEA1A4FE7E7006C473B /* Project object */;
}
