// !$*UTF8*$!
{
	archiveVersion = 1;
	classes = {
	};
	objectVersion = 46;
	objects = {

/* Begin PBXBuildFile section */
		BF57C57B1A903FA400C00A8B /* main.m in Sources */ = {isa = PBXBuildFile; fileRef = BF57C57A1A903FA400C00A8B /* main.m */; };
		BF57C57E1A903FA400C00A8B /* AppDelegate.m in Sources */ = {isa = PBXBuildFile; fileRef = BF57C57D1A903FA400C00A8B /* AppDelegate.m */; };
		BF57C5811A903FA400C00A8B /* ViewController.m in Sources */ = {isa = PBXBuildFile; fileRef = BF57C5801A903FA400C00A8B /* ViewController.m */; };
		BF57C5841A903FA400C00A8B /* Main.storyboard in Resources */ = {isa = PBXBuildFile; fileRef = BF57C5821A903FA400C00A8B /* Main.storyboard */; };
		BF57C5861A903FA400C00A8B /* Images.xcassets in Resources */ = {isa = PBXBuildFile; fileRef = BF57C5851A903FA400C00A8B /* Images.xcassets */; };
		BF57C5891A903FA400C00A8B /* LaunchScreen.xib in Resources */ = {isa = PBXBuildFile; fileRef = BF57C5871A903FA400C00A8B /* LaunchScreen.xib */; };
		BF57C5951A903FA400C00A8B /* addressBookTestTests.m in Sources */ = {isa = PBXBuildFile; fileRef = BF57C5941A903FA400C00A8B /* addressBookTestTests.m */; };
		BF57C59F1A90402900C00A8B /* AddressBook.framework in Frameworks */ = {isa = PBXBuildFile; fileRef = BF57C59E1A90402900C00A8B /* AddressBook.framework */; };
		BF57C5A11A90403400C00A8B /* AddressBookUI.framework in Frameworks */ = {isa = PBXBuildFile; fileRef = BF57C5A01A90403400C00A8B /* AddressBookUI.framework */; };
/* End PBXBuildFile section */

/* Begin PBXContainerItemProxy section */
		BF57C58F1A903FA400C00A8B /* PBXContainerItemProxy */ = {
			isa = PBXContainerItemProxy;
			containerPortal = BF57C56D1A903FA400C00A8B /* Project object */;
			proxyType = 1;
			remoteGlobalIDString = BF57C5741A903FA400C00A8B;
			remoteInfo = addressBookTest;
		};
/* End PBXContainerItemProxy section */

/* Begin PBXFileReference section */
		BF57C5751A903FA400C00A8B /* addressBookTest.app */ = {isa = PBXFileReference; explicitFileType = wrapper.application; includeInIndex = 0; path = addressBookTest.app; sourceTree = BUILT_PRODUCTS_DIR; };
		BF57C5791A903FA400C00A8B /* Info.plist */ = {isa = PBXFileReference; lastKnownFileType = text.plist.xml; path = Info.plist; sourceTree = "<group>"; };
		BF57C57A1A903FA400C00A8B /* main.m */ = {isa = PBXFileReference; lastKnownFileType = sourcecode.c.objc; path = main.m; sourceTree = "<group>"; };
		BF57C57C1A903FA400C00A8B /* AppDelegate.h */ = {isa = PBXFileReference; lastKnownFileType = sourcecode.c.h; path = AppDelegate.h; sourceTree = "<group>"; };
		BF57C57D1A903FA400C00A8B /* AppDelegate.m */ = {isa = PBXFileReference; lastKnownFileType = sourcecode.c.objc; path = AppDelegate.m; sourceTree = "<group>"; };
		BF57C57F1A903FA400C00A8B /* ViewController.h */ = {isa = PBXFileReference; lastKnownFileType = sourcecode.c.h; path = ViewController.h; sourceTree = "<group>"; };
		BF57C5801A903FA400C00A8B /* ViewController.m */ = {isa = PBXFileReference; lastKnownFileType = sourcecode.c.objc; path = ViewController.m; sourceTree = "<group>"; };
		BF57C5831A903FA400C00A8B /* Base */ = {isa = PBXFileReference; lastKnownFileType = file.storyboard; name = Base; path = Base.lproj/Main.storyboard; sourceTree = "<group>"; };
		BF57C5851A903FA400C00A8B /* Images.xcassets */ = {isa = PBXFileReference; lastKnownFileType = folder.assetcatalog; path = Images.xcassets; sourceTree = "<group>"; };
		BF57C5881A903FA400C00A8B /* Base */ = {isa = PBXFileReference; lastKnownFileType = file.xib; name = Base; path = Base.lproj/LaunchScreen.xib; sourceTree = "<group>"; };
		BF57C58E1A903FA400C00A8B /* addressBookTestTests.xctest */ = {isa = PBXFileReference; explicitFileType = wrapper.cfbundle; includeInIndex = 0; path = addressBookTestTests.xctest; sourceTree = BUILT_PRODUCTS_DIR; };
		BF57C5931A903FA400C00A8B /* Info.plist */ = {isa = PBXFileReference; lastKnownFileType = text.plist.xml; path = Info.plist; sourceTree = "<group>"; };
		BF57C5941A903FA400C00A8B /* addressBookTestTests.m */ = {isa = PBXFileReference; lastKnownFileType = sourcecode.c.objc; path = addressBookTestTests.m; sourceTree = "<group>"; };
		BF57C59E1A90402900C00A8B /* AddressBook.framework */ = {isa = PBXFileReference; lastKnownFileType = wrapper.framework; name = AddressBook.framework; path = System/Library/Frameworks/AddressBook.framework; sourceTree = SDKROOT; };
		BF57C5A01A90403400C00A8B /* AddressBookUI.framework */ = {isa = PBXFileReference; lastKnownFileType = wrapper.framework; name = AddressBookUI.framework; path = System/Library/Frameworks/AddressBookUI.framework; sourceTree = SDKROOT; };
/* End PBXFileReference section */

/* Begin PBXFrameworksBuildPhase section */
		BF57C5721A903FA400C00A8B /* Frameworks */ = {
			isa = PBXFrameworksBuildPhase;
			buildActionMask = 2147483647;
			files = (
				BF57C5A11A90403400C00A8B /* AddressBookUI.framework in Frameworks */,
				BF57C59F1A90402900C00A8B /* AddressBook.framework in Frameworks */,
			);
			runOnlyForDeploymentPostprocessing = 0;
		};
		BF57C58B1A903FA400C00A8B /* Frameworks */ = {
			isa = PBXFrameworksBuildPhase;
			buildActionMask = 2147483647;
			files = (
			);
			runOnlyForDeploymentPostprocessing = 0;
		};
/* End PBXFrameworksBuildPhase section */

/* Begin PBXGroup section */
		BF57C56C1A903FA400C00A8B = {
			isa = PBXGroup;
			children = (
				BF57C5A01A90403400C00A8B /* AddressBookUI.framework */,
				BF57C59E1A90402900C00A8B /* AddressBook.framework */,
				BF57C5771A903FA400C00A8B /* addressBookTest */,
				BF57C5911A903FA400C00A8B /* addressBookTestTests */,
				BF57C5761A903FA400C00A8B /* Products */,
			);
			sourceTree = "<group>";
		};
		BF57C5761A903FA400C00A8B /* Products */ = {
			isa = PBXGroup;
			children = (
				BF57C5751A903FA400C00A8B /* addressBookTest.app */,
				BF57C58E1A903FA400C00A8B /* addressBookTestTests.xctest */,
			);
			name = Products;
			sourceTree = "<group>";
		};
		BF57C5771A903FA400C00A8B /* addressBookTest */ = {
			isa = PBXGroup;
			children = (
				BF57C57C1A903FA400C00A8B /* AppDelegate.h */,
				BF57C57D1A903FA400C00A8B /* AppDelegate.m */,
				BF57C57F1A903FA400C00A8B /* ViewController.h */,
				BF57C5801A903FA400C00A8B /* ViewController.m */,
				BF57C5821A903FA400C00A8B /* Main.storyboard */,
				BF57C5851A903FA400C00A8B /* Images.xcassets */,
				BF57C5871A903FA400C00A8B /* LaunchScreen.xib */,
				BF57C5781A903FA400C00A8B /* Supporting Files */,
			);
			path = addressBookTest;
			sourceTree = "<group>";
		};
		BF57C5781A903FA400C00A8B /* Supporting Files */ = {
			isa = PBXGroup;
			children = (
				BF57C5791A903FA400C00A8B /* Info.plist */,
				BF57C57A1A903FA400C00A8B /* main.m */,
			);
			name = "Supporting Files";
			sourceTree = "<group>";
		};
		BF57C5911A903FA400C00A8B /* addressBookTestTests */ = {
			isa = PBXGroup;
			children = (
				BF57C5941A903FA400C00A8B /* addressBookTestTests.m */,
				BF57C5921A903FA400C00A8B /* Supporting Files */,
			);
			path = addressBookTestTests;
			sourceTree = "<group>";
		};
		BF57C5921A903FA400C00A8B /* Supporting Files */ = {
			isa = PBXGroup;
			children = (
				BF57C5931A903FA400C00A8B /* Info.plist */,
			);
			name = "Supporting Files";
			sourceTree = "<group>";
		};
/* End PBXGroup section */

/* Begin PBXNativeTarget section */
		BF57C5741A903FA400C00A8B /* addressBookTest */ = {
			isa = PBXNativeTarget;
			buildConfigurationList = BF57C5981A903FA400C00A8B /* Build configuration list for PBXNativeTarget "addressBookTest" */;
			buildPhases = (
				BF57C5711A903FA400C00A8B /* Sources */,
				BF57C5721A903FA400C00A8B /* Frameworks */,
				BF57C5731A903FA400C00A8B /* Resources */,
			);
			buildRules = (
			);
			dependencies = (
			);
			name = addressBookTest;
			productName = addressBookTest;
			productReference = BF57C5751A903FA400C00A8B /* addressBookTest.app */;
			productType = "com.apple.product-type.application";
		};
		BF57C58D1A903FA400C00A8B /* addressBookTestTests */ = {
			isa = PBXNativeTarget;
			buildConfigurationList = BF57C59B1A903FA400C00A8B /* Build configuration list for PBXNativeTarget "addressBookTestTests" */;
			buildPhases = (
				BF57C58A1A903FA400C00A8B /* Sources */,
				BF57C58B1A903FA400C00A8B /* Frameworks */,
				BF57C58C1A903FA400C00A8B /* Resources */,
			);
			buildRules = (
			);
			dependencies = (
				BF57C5901A903FA400C00A8B /* PBXTargetDependency */,
			);
			name = addressBookTestTests;
			productName = addressBookTestTests;
			productReference = BF57C58E1A903FA400C00A8B /* addressBookTestTests.xctest */;
			productType = "com.apple.product-type.bundle.unit-test";
		};
/* End PBXNativeTarget section */

/* Begin PBXProject section */
		BF57C56D1A903FA400C00A8B /* Project object */ = {
			isa = PBXProject;
			attributes = {
				LastUpgradeCheck = 0610;
				ORGANIZATIONNAME = "systems-power";
				TargetAttributes = {
					BF57C5741A903FA400C00A8B = {
						CreatedOnToolsVersion = 6.1.1;
					};
					BF57C58D1A903FA400C00A8B = {
						CreatedOnToolsVersion = 6.1.1;
						TestTargetID = BF57C5741A903FA400C00A8B;
					};
				};
			};
			buildConfigurationList = BF57C5701A903FA400C00A8B /* Build configuration list for PBXProject "addressBookTest" */;
			compatibilityVersion = "Xcode 3.2";
			developmentRegion = English;
			hasScannedForEncodings = 0;
			knownRegions = (
				en,
				Base,
			);
			mainGroup = BF57C56C1A903FA400C00A8B;
			productRefGroup = BF57C5761A903FA400C00A8B /* Products */;
			projectDirPath = "";
			projectRoot = "";
			targets = (
				BF57C5741A903FA400C00A8B /* addressBookTest */,
				BF57C58D1A903FA400C00A8B /* addressBookTestTests */,
			);
		};
/* End PBXProject section */

/* Begin PBXResourcesBuildPhase section */
		BF57C5731A903FA400C00A8B /* Resources */ = {
			isa = PBXResourcesBuildPhase;
			buildActionMask = 2147483647;
			files = (
				BF57C5841A903FA400C00A8B /* Main.storyboard in Resources */,
				BF57C5891A903FA400C00A8B /* LaunchScreen.xib in Resources */,
				BF57C5861A903FA400C00A8B /* Images.xcassets in Resources */,
			);
			runOnlyForDeploymentPostprocessing = 0;
		};
		BF57C58C1A903FA400C00A8B /* Resources */ = {
			isa = PBXResourcesBuildPhase;
			buildActionMask = 2147483647;
			files = (
			);
			runOnlyForDeploymentPostprocessing = 0;
		};
/* End PBXResourcesBuildPhase section */

/* Begin PBXSourcesBuildPhase section */
		BF57C5711A903FA400C00A8B /* Sources */ = {
			isa = PBXSourcesBuildPhase;
			buildActionMask = 2147483647;
			files = (
				BF57C5811A903FA400C00A8B /* ViewController.m in Sources */,
				BF57C57E1A903FA400C00A8B /* AppDelegate.m in Sources */,
				BF57C57B1A903FA400C00A8B /* main.m in Sources */,
			);
			runOnlyForDeploymentPostprocessing = 0;
		};
		BF57C58A1A903FA400C00A8B /* Sources */ = {
			isa = PBXSourcesBuildPhase;
			buildActionMask = 2147483647;
			files = (
				BF57C5951A903FA400C00A8B /* addressBookTestTests.m in Sources */,
			);
			runOnlyForDeploymentPostprocessing = 0;
		};
/* End PBXSourcesBuildPhase section */

/* Begin PBXTargetDependency section */
		BF57C5901A903FA400C00A8B /* PBXTargetDependency */ = {
			isa = PBXTargetDependency;
			target = BF57C5741A903FA400C00A8B /* addressBookTest */;
			targetProxy = BF57C58F1A903FA400C00A8B /* PBXContainerItemProxy */;
		};
/* End PBXTargetDependency section */

/* Begin PBXVariantGroup section */
		BF57C5821A903FA400C00A8B /* Main.storyboard */ = {
			isa = PBXVariantGroup;
			children = (
				BF57C5831A903FA400C00A8B /* Base */,
			);
			name = Main.storyboard;
			sourceTree = "<group>";
		};
		BF57C5871A903FA400C00A8B /* LaunchScreen.xib */ = {
			isa = PBXVariantGroup;
			children = (
				BF57C5881A903FA400C00A8B /* Base */,
			);
			name = LaunchScreen.xib;
			sourceTree = "<group>";
		};
/* End PBXVariantGroup section */

/* Begin XCBuildConfiguration section */
		BF57C5961A903FA400C00A8B /* Debug */ = {
			isa = XCBuildConfiguration;
			buildSettings = {
				ALWAYS_SEARCH_USER_PATHS = NO;
				CLANG_CXX_LANGUAGE_STANDARD = "gnu++0x";
				CLANG_CXX_LIBRARY = "libc++";
				CLANG_ENABLE_MODULES = YES;
				CLANG_ENABLE_OBJC_ARC = YES;
				CLANG_WARN_BOOL_CONVERSION = YES;
				CLANG_WARN_CONSTANT_CONVERSION = YES;
				CLANG_WARN_DIRECT_OBJC_ISA_USAGE = YES_ERROR;
				CLANG_WARN_EMPTY_BODY = YES;
				CLANG_WARN_ENUM_CONVERSION = YES;
				CLANG_WARN_INT_CONVERSION = YES;
				CLANG_WARN_OBJC_ROOT_CLASS = YES_ERROR;
				CLANG_WARN_UNREACHABLE_CODE = YES;
				CLANG_WARN__DUPLICATE_METHOD_MATCH = YES;
				"CODE_SIGN_IDENTITY[sdk=iphoneos*]" = "iPhone Developer";
				COPY_PHASE_STRIP = NO;
				ENABLE_STRICT_OBJC_MSGSEND = YES;
				GCC_C_LANGUAGE_STANDARD = gnu99;
				GCC_DYNAMIC_NO_PIC = NO;
				GCC_OPTIMIZATION_LEVEL = 0;
				GCC_PREPROCESSOR_DEFINITIONS = (
					"DEBUG=1",
					"$(inherited)",
				);
				GCC_SYMBOLS_PRIVATE_EXTERN = NO;
				GCC_WARN_64_TO_32_BIT_CONVERSION = YES;
				GCC_WARN_ABOUT_RETURN_TYPE = YES_ERROR;
				GCC_WARN_UNDECLARED_SELECTOR = YES;
				GCC_WARN_UNINITIALIZED_AUTOS = YES_AGGRESSIVE;
				GCC_WARN_UNUSED_FUNCTION = YES;
				GCC_WARN_UNUSED_VARIABLE = YES;
				IPHONEOS_DEPLOYMENT_TARGET = 8.1;
				MTL_ENABLE_DEBUG_INFO = YES;
				ONLY_ACTIVE_ARCH = YES;
				SDKROOT = iphoneos;
				TARGETED_DEVICE_FAMILY = "1,2";
			};
			name = Debug;
		};
		BF57C5971A903FA400C00A8B /* Release */ = {
			isa = XCBuildConfiguration;
			buildSettings = {
				ALWAYS_SEARCH_USER_PATHS = NO;
				CLANG_CXX_LANGUAGE_STANDARD = "gnu++0x";
				CLANG_CXX_LIBRARY = "libc++";
				CLANG_ENABLE_MODULES = YES;
				CLANG_ENABLE_OBJC_ARC = YES;
				CLANG_WARN_BOOL_CONVERSION = YES;
				CLANG_WARN_CONSTANT_CONVERSION = YES;
				CLANG_WARN_DIRECT_OBJC_ISA_USAGE = YES_ERROR;
				CLANG_WARN_EMPTY_BODY = YES;
				CLANG_WARN_ENUM_CONVERSION = YES;
				CLANG_WARN_INT_CONVERSION = YES;
				CLANG_WARN_OBJC_ROOT_CLASS = YES_ERROR;
				CLANG_WARN_UNREACHABLE_CODE = YES;
				CLANG_WARN__DUPLICATE_METHOD_MATCH = YES;
				"CODE_SIGN_IDENTITY[sdk=iphoneos*]" = "iPhone Developer";
				COPY_PHASE_STRIP = YES;
				ENABLE_NS_ASSERTIONS = NO;
				ENABLE_STRICT_OBJC_MSGSEND = YES;
				GCC_C_LANGUAGE_STANDARD = gnu99;
				GCC_WARN_64_TO_32_BIT_CONVERSION = YES;
				GCC_WARN_ABOUT_RETURN_TYPE = YES_ERROR;
				GCC_WARN_UNDECLARED_SELECTOR = YES;
				GCC_WARN_UNINITIALIZED_AUTOS = YES_AGGRESSIVE;
				GCC_WARN_UNUSED_FUNCTION = YES;
				GCC_WARN_UNUSED_VARIABLE = YES;
				IPHONEOS_DEPLOYMENT_TARGET = 8.1;
				MTL_ENABLE_DEBUG_INFO = NO;
				SDKROOT = iphoneos;
				TARGETED_DEVICE_FAMILY = "1,2";
				VALIDATE_PRODUCT = YES;
			};
			name = Release;
		};
		BF57C5991A903FA400C00A8B /* Debug */ = {
			isa = XCBuildConfiguration;
			buildSettings = {
				ASSETCATALOG_COMPILER_APPICON_NAME = AppIcon;
				INFOPLIST_FILE = addressBookTest/Info.plist;
				LD_RUNPATH_SEARCH_PATHS = "$(inherited) @executable_path/Frameworks";
				PRODUCT_NAME = "$(TARGET_NAME)";
			};
			name = Debug;
		};
		BF57C59A1A903FA400C00A8B /* Release */ = {
			isa = XCBuildConfiguration;
			buildSettings = {
				ASSETCATALOG_COMPILER_APPICON_NAME = AppIcon;
				INFOPLIST_FILE = addressBookTest/Info.plist;
				LD_RUNPATH_SEARCH_PATHS = "$(inherited) @executable_path/Frameworks";
				PRODUCT_NAME = "$(TARGET_NAME)";
			};
			name = Release;
		};
		BF57C59C1A903FA400C00A8B /* Debug */ = {
			isa = XCBuildConfiguration;
			buildSettings = {
				BUNDLE_LOADER = "$(TEST_HOST)";
				FRAMEWORK_SEARCH_PATHS = (
					"$(SDKROOT)/Developer/Library/Frameworks",
					"$(inherited)",
				);
				GCC_PREPROCESSOR_DEFINITIONS = (
					"DEBUG=1",
					"$(inherited)",
				);
				INFOPLIST_FILE = addressBookTestTests/Info.plist;
				LD_RUNPATH_SEARCH_PATHS = "$(inherited) @executable_path/Frameworks @loader_path/Frameworks";
				PRODUCT_NAME = "$(TARGET_NAME)";
				TEST_HOST = "$(BUILT_PRODUCTS_DIR)/addressBookTest.app/addressBookTest";
			};
			name = Debug;
		};
		BF57C59D1A903FA400C00A8B /* Release */ = {
			isa = XCBuildConfiguration;
			buildSettings = {
				BUNDLE_LOADER = "$(TEST_HOST)";
				FRAMEWORK_SEARCH_PATHS = (
					"$(SDKROOT)/Developer/Library/Frameworks",
					"$(inherited)",
				);
				INFOPLIST_FILE = addressBookTestTests/Info.plist;
				LD_RUNPATH_SEARCH_PATHS = "$(inherited) @executable_path/Frameworks @loader_path/Frameworks";
				PRODUCT_NAME = "$(TARGET_NAME)";
				TEST_HOST = "$(BUILT_PRODUCTS_DIR)/addressBookTest.app/addressBookTest";
			};
			name = Release;
		};
/* End XCBuildConfiguration section */

/* Begin XCConfigurationList section */
		BF57C5701A903FA400C00A8B /* Build configuration list for PBXProject "addressBookTest" */ = {
			isa = XCConfigurationList;
			buildConfigurations = (
				BF57C5961A903FA400C00A8B /* Debug */,
				BF57C5971A903FA400C00A8B /* Release */,
			);
			defaultConfigurationIsVisible = 0;
			defaultConfigurationName = Release;
		};
		BF57C5981A903FA400C00A8B /* Build configuration list for PBXNativeTarget "addressBookTest" */ = {
			isa = XCConfigurationList;
			buildConfigurations = (
				BF57C5991A903FA400C00A8B /* Debug */,
				BF57C59A1A903FA400C00A8B /* Release */,
			);
			defaultConfigurationIsVisible = 0;
		};
		BF57C59B1A903FA400C00A8B /* Build configuration list for PBXNativeTarget "addressBookTestTests" */ = {
			isa = XCConfigurationList;
			buildConfigurations = (
				BF57C59C1A903FA400C00A8B /* Debug */,
				BF57C59D1A903FA400C00A8B /* Release */,
			);
			defaultConfigurationIsVisible = 0;
		};
/* End XCConfigurationList section */
	};
	rootObject = BF57C56D1A903FA400C00A8B /* Project object */;
}
